
Microsoft Visual Studio Solution File, Format Version 12.00
# Visual Studio Version 16
VisualStudioVersion = 16.0.31205.134
MinimumVisualStudioVersion = 10.0.40219.1
Project("{FAE04EC0-301F-11D3-BF4B-00C04F79EFBC}") = "extractDependecies", "extractDependecies\extractDependecies.csproj", "{80082F2A-45AB-41C7-87D9-E4D5CE7756CE}"
EndProject
Global
	GlobalSection(SolutionConfigurationPlatforms) = preSolution
		Debug|Any CPU = Debug|Any CPU
		Release|Any CPU = Release|Any CPU
	EndGlobalSection
	GlobalSection(ProjectConfigurationPlatforms) = postSolution
		{80082F2A-45AB-41C7-87D9-E4D5CE7756CE}.Debug|Any CPU.ActiveCfg = Debug|Any CPU
		{80082F2A-45AB-41C7-87D9-E4D5CE7756CE}.Debug|Any CPU.Build.0 = Debug|Any CPU
		{80082F2A-45AB-41C7-87D9-E4D5CE7756CE}.Release|Any CPU.ActiveCfg = Release|Any CPU
		{80082F2A-45AB-41C7-87D9-E4D5CE7756CE}.Release|Any CPU.Build.0 = Release|Any CPU
	EndGlobalSection
	GlobalSection(SolutionProperties) = preSolution
		HideSolutionNode = FALSE
	EndGlobalSection
	GlobalSection(ExtensibilityGlobals) = postSolution
		SolutionGuid = {A49DE07E-7ED3-43AE-AD5E-3340FA6184A9}
	EndGlobalSection
EndGlobal
